
Microsoft Visual Studio Solution File, Format Version 12.00
# Visual Studio Version 16
VisualStudioVersion = 16.6.30114.105
MinimumVisualStudioVersion = 10.0.40219.1
Project("{2150E333-8FDC-42A3-9474-1A3956D46DE8}") = "src", "src", "{B43BB0CD-C57F-4700-A8EB-7C0DD900A6BA}"
EndProject
Project("{2150E333-8FDC-42A3-9474-1A3956D46DE8}") = "Libraries", "Libraries", "{2C6EF08D-012C-46B3-A940-35B591148386}"
EndProject
Project("{2150E333-8FDC-42A3-9474-1A3956D46DE8}") = "Logic", "Logic", "{BC252B05-6278-4769-AE90-CADDA2025B62}"
EndProject
Project("{FAE04EC0-301F-11D3-BF4B-00C04F79EFBC}") = "MixErp.Net5.Common", "Libraries\Logic\MixErp.Net5.Common\MixErp.Net5.Common.csproj", "{D4185BF4-CB4E-477C-BC68-2D805AE747E2}"
EndProject
Global
	GlobalSection(SolutionConfigurationPlatforms) = preSolution
		Debug|Any CPU = Debug|Any CPU
		Debug|x64 = Debug|x64
		Debug|x86 = Debug|x86
		Release|Any CPU = Release|Any CPU
		Release|x64 = Release|x64
		Release|x86 = Release|x86
	EndGlobalSection
	GlobalSection(ProjectConfigurationPlatforms) = postSolution
		{D4185BF4-CB4E-477C-BC68-2D805AE747E2}.Debug|Any CPU.ActiveCfg = Debug|Any CPU
		{D4185BF4-CB4E-477C-BC68-2D805AE747E2}.Debug|Any CPU.Build.0 = Debug|Any CPU
		{D4185BF4-CB4E-477C-BC68-2D805AE747E2}.Debug|x64.ActiveCfg = Debug|Any CPU
		{D4185BF4-CB4E-477C-BC68-2D805AE747E2}.Debug|x64.Build.0 = Debug|Any CPU
		{D4185BF4-CB4E-477C-BC68-2D805AE747E2}.Debug|x86.ActiveCfg = Debug|Any CPU
		{D4185BF4-CB4E-477C-BC68-2D805AE747E2}.Debug|x86.Build.0 = Debug|Any CPU
		{D4185BF4-CB4E-477C-BC68-2D805AE747E2}.Release|Any CPU.ActiveCfg = Release|Any CPU
		{D4185BF4-CB4E-477C-BC68-2D805AE747E2}.Release|Any CPU.Build.0 = Release|Any CPU
		{D4185BF4-CB4E-477C-BC68-2D805AE747E2}.Release|x64.ActiveCfg = Release|Any CPU
		{D4185BF4-CB4E-477C-BC68-2D805AE747E2}.Release|x64.Build.0 = Release|Any CPU
		{D4185BF4-CB4E-477C-BC68-2D805AE747E2}.Release|x86.ActiveCfg = Release|Any CPU
		{D4185BF4-CB4E-477C-BC68-2D805AE747E2}.Release|x86.Build.0 = Release|Any CPU
	EndGlobalSection
	GlobalSection(SolutionProperties) = preSolution
		HideSolutionNode = FALSE
	EndGlobalSection
	GlobalSection(NestedProjects) = preSolution
		{2C6EF08D-012C-46B3-A940-35B591148386} = {B43BB0CD-C57F-4700-A8EB-7C0DD900A6BA}
		{BC252B05-6278-4769-AE90-CADDA2025B62} = {2C6EF08D-012C-46B3-A940-35B591148386}
		{D4185BF4-CB4E-477C-BC68-2D805AE747E2} = {BC252B05-6278-4769-AE90-CADDA2025B62}
	EndGlobalSection
	GlobalSection(ExtensibilityGlobals) = postSolution
		SolutionGuid = {264865B9-4AAB-4D2C-8C8F-D850019E6E75}
	EndGlobalSection
EndGlobal
