
Microsoft Visual Studio Solution File, Format Version 12.00
# Visual Studio Version 16
VisualStudioVersion = 16.6.30114.105
MinimumVisualStudioVersion = 10.0.40219.1
Project("{2150E333-8FDC-42A3-9474-1A3956D46DE8}") = "src", "src", "{82A9C1AC-CF5D-4709-87BC-2EBBB9393A0E}"
EndProject
Project("{2150E333-8FDC-42A3-9474-1A3956D46DE8}") = "Modules", "Modules", "{3266C71C-3D2E-4B03-BD5C-D6CA6FFE2AE6}"
EndProject
Project("{2150E333-8FDC-42A3-9474-1A3956D46DE8}") = "Core", "Core", "{C8CF91D0-8112-4ABC-8F03-69E7E86D635C}"
EndProject
Project("{9A19103F-16F7-4668-BE54-9A1E7A4F7556}") = "MixErp.Modules.Core", "src\Modules\Core\MixErp.Modules.Core\MixErp.Modules.Core.csproj", "{FE0BA961-D8B8-482F-B60A-6193C0864D6C}"
EndProject
Project("{2150E333-8FDC-42A3-9474-1A3956D46DE8}") = "Audit", "Audit", "{7E0C10DA-F3C4-4D5A-95F6-508C706ABF9A}"
EndProject
Project("{9A19103F-16F7-4668-BE54-9A1E7A4F7556}") = "MixErp.modules.Audit", "src\Modules\Audit\MixErp.modules.Audit\MixErp.modules.Audit.csproj", "{E510A6ED-BAB6-4BDD-A5C6-CD169E0F78B2}"
EndProject
Project("{2150E333-8FDC-42A3-9474-1A3956D46DE8}") = "Localization", "Localization", "{2FF3740B-3BCF-4BD1-A420-E3152B8F7031}"
EndProject
Project("{9A19103F-16F7-4668-BE54-9A1E7A4F7556}") = "MixErp.Modules.Localization", "src\Modules\Localization\MixErp.Modules.Localization\MixErp.Modules.Localization.csproj", "{9EEB1F99-60B7-406D-973D-2AEDAC15DA4C}"
EndProject
Project("{2150E333-8FDC-42A3-9474-1A3956D46DE8}") = "Office", "Office", "{D0AD74E4-0090-4DE9-9819-E2AE02EC9531}"
EndProject
Project("{9A19103F-16F7-4668-BE54-9A1E7A4F7556}") = "MixErp.Modules.Offrice", "src\Modules\Office\MixErp.Modules.Offrice\MixErp.Modules.Offrice.csproj", "{7585952E-9B2A-436D-AF3D-5E00A8D77A90}"
EndProject
Project("{2150E333-8FDC-42A3-9474-1A3956D46DE8}") = "Infrastructure", "Infrastructure", "{EA4478AC-0DD0-4F01-8818-9A24F80AEDBC}"
EndProject
Project("{9A19103F-16F7-4668-BE54-9A1E7A4F7556}") = "MixErp.Infrastructure", "src\Infrastructure\MixErp.Infrastructure\MixErp.Infrastructure.csproj", "{68BEE707-6458-43CA-85AA-BD7DABA67B66}"
EndProject
Project("{2150E333-8FDC-42A3-9474-1A3956D46DE8}") = "Policy", "Policy", "{08069F02-1C68-4BE0-B691-D0FA3AFA99D8}"
EndProject
Project("{FAE04EC0-301F-11D3-BF4B-00C04F79EFBC}") = "MixErp.Modules.Policy", "src\Modules\Policy\MixErp.Modules.Policy\MixErp.Modules.Policy.csproj", "{E60D03FE-AD81-4C7A-BA38-E064A368607C}"
EndProject
Project("{2150E333-8FDC-42A3-9474-1A3956D46DE8}") = "Public", "Public", "{85E2125F-2705-4738-BE8B-2B717A1A21EE}"
EndProject
Project("{FAE04EC0-301F-11D3-BF4B-00C04F79EFBC}") = "MixErp.Modules.Public", "src\Modules\Public\MixErp.Modules.Public\MixErp.Modules.Public.csproj", "{78BAD34C-8EAB-4E87-BFA1-C92F841074AD}"
EndProject
Project("{2150E333-8FDC-42A3-9474-1A3956D46DE8}") = "Transactions", "Transactions", "{492BEA19-C812-4FE5-A9DB-13C4175D90F9}"
EndProject
Project("{FAE04EC0-301F-11D3-BF4B-00C04F79EFBC}") = "MixErp.Modules.Transactions", "src\Modules\Transactions\MixErp.Modules.Transactions\MixErp.Modules.Transactions.csproj", "{5D4761DF-F7AE-4986-ACF1-34F2AA5BED77}"
EndProject
Global
	GlobalSection(SolutionConfigurationPlatforms) = preSolution
		Debug|Any CPU = Debug|Any CPU
		Debug|x64 = Debug|x64
		Debug|x86 = Debug|x86
		Release|Any CPU = Release|Any CPU
		Release|x64 = Release|x64
		Release|x86 = Release|x86
	EndGlobalSection
	GlobalSection(ProjectConfigurationPlatforms) = postSolution
		{FE0BA961-D8B8-482F-B60A-6193C0864D6C}.Debug|Any CPU.ActiveCfg = Debug|Any CPU
		{FE0BA961-D8B8-482F-B60A-6193C0864D6C}.Debug|Any CPU.Build.0 = Debug|Any CPU
		{FE0BA961-D8B8-482F-B60A-6193C0864D6C}.Debug|x64.ActiveCfg = Debug|Any CPU
		{FE0BA961-D8B8-482F-B60A-6193C0864D6C}.Debug|x64.Build.0 = Debug|Any CPU
		{FE0BA961-D8B8-482F-B60A-6193C0864D6C}.Debug|x86.ActiveCfg = Debug|Any CPU
		{FE0BA961-D8B8-482F-B60A-6193C0864D6C}.Debug|x86.Build.0 = Debug|Any CPU
		{FE0BA961-D8B8-482F-B60A-6193C0864D6C}.Release|Any CPU.ActiveCfg = Release|Any CPU
		{FE0BA961-D8B8-482F-B60A-6193C0864D6C}.Release|Any CPU.Build.0 = Release|Any CPU
		{FE0BA961-D8B8-482F-B60A-6193C0864D6C}.Release|x64.ActiveCfg = Release|Any CPU
		{FE0BA961-D8B8-482F-B60A-6193C0864D6C}.Release|x64.Build.0 = Release|Any CPU
		{FE0BA961-D8B8-482F-B60A-6193C0864D6C}.Release|x86.ActiveCfg = Release|Any CPU
		{FE0BA961-D8B8-482F-B60A-6193C0864D6C}.Release|x86.Build.0 = Release|Any CPU
		{E510A6ED-BAB6-4BDD-A5C6-CD169E0F78B2}.Debug|Any CPU.ActiveCfg = Debug|Any CPU
		{E510A6ED-BAB6-4BDD-A5C6-CD169E0F78B2}.Debug|Any CPU.Build.0 = Debug|Any CPU
		{E510A6ED-BAB6-4BDD-A5C6-CD169E0F78B2}.Debug|x64.ActiveCfg = Debug|Any CPU
		{E510A6ED-BAB6-4BDD-A5C6-CD169E0F78B2}.Debug|x64.Build.0 = Debug|Any CPU
		{E510A6ED-BAB6-4BDD-A5C6-CD169E0F78B2}.Debug|x86.ActiveCfg = Debug|Any CPU
		{E510A6ED-BAB6-4BDD-A5C6-CD169E0F78B2}.Debug|x86.Build.0 = Debug|Any CPU
		{E510A6ED-BAB6-4BDD-A5C6-CD169E0F78B2}.Release|Any CPU.ActiveCfg = Release|Any CPU
		{E510A6ED-BAB6-4BDD-A5C6-CD169E0F78B2}.Release|Any CPU.Build.0 = Release|Any CPU
		{E510A6ED-BAB6-4BDD-A5C6-CD169E0F78B2}.Release|x64.ActiveCfg = Release|Any CPU
		{E510A6ED-BAB6-4BDD-A5C6-CD169E0F78B2}.Release|x64.Build.0 = Release|Any CPU
		{E510A6ED-BAB6-4BDD-A5C6-CD169E0F78B2}.Release|x86.ActiveCfg = Release|Any CPU
		{E510A6ED-BAB6-4BDD-A5C6-CD169E0F78B2}.Release|x86.Build.0 = Release|Any CPU
		{9EEB1F99-60B7-406D-973D-2AEDAC15DA4C}.Debug|Any CPU.ActiveCfg = Debug|Any CPU
		{9EEB1F99-60B7-406D-973D-2AEDAC15DA4C}.Debug|Any CPU.Build.0 = Debug|Any CPU
		{9EEB1F99-60B7-406D-973D-2AEDAC15DA4C}.Debug|x64.ActiveCfg = Debug|Any CPU
		{9EEB1F99-60B7-406D-973D-2AEDAC15DA4C}.Debug|x64.Build.0 = Debug|Any CPU
		{9EEB1F99-60B7-406D-973D-2AEDAC15DA4C}.Debug|x86.ActiveCfg = Debug|Any CPU
		{9EEB1F99-60B7-406D-973D-2AEDAC15DA4C}.Debug|x86.Build.0 = Debug|Any CPU
		{9EEB1F99-60B7-406D-973D-2AEDAC15DA4C}.Release|Any CPU.ActiveCfg = Release|Any CPU
		{9EEB1F99-60B7-406D-973D-2AEDAC15DA4C}.Release|Any CPU.Build.0 = Release|Any CPU
		{9EEB1F99-60B7-406D-973D-2AEDAC15DA4C}.Release|x64.ActiveCfg = Release|Any CPU
		{9EEB1F99-60B7-406D-973D-2AEDAC15DA4C}.Release|x64.Build.0 = Release|Any CPU
		{9EEB1F99-60B7-406D-973D-2AEDAC15DA4C}.Release|x86.ActiveCfg = Release|Any CPU
		{9EEB1F99-60B7-406D-973D-2AEDAC15DA4C}.Release|x86.Build.0 = Release|Any CPU
		{7585952E-9B2A-436D-AF3D-5E00A8D77A90}.Debug|Any CPU.ActiveCfg = Debug|Any CPU
		{7585952E-9B2A-436D-AF3D-5E00A8D77A90}.Debug|Any CPU.Build.0 = Debug|Any CPU
		{7585952E-9B2A-436D-AF3D-5E00A8D77A90}.Debug|x64.ActiveCfg = Debug|Any CPU
		{7585952E-9B2A-436D-AF3D-5E00A8D77A90}.Debug|x64.Build.0 = Debug|Any CPU
		{7585952E-9B2A-436D-AF3D-5E00A8D77A90}.Debug|x86.ActiveCfg = Debug|Any CPU
		{7585952E-9B2A-436D-AF3D-5E00A8D77A90}.Debug|x86.Build.0 = Debug|Any CPU
		{7585952E-9B2A-436D-AF3D-5E00A8D77A90}.Release|Any CPU.ActiveCfg = Release|Any CPU
		{7585952E-9B2A-436D-AF3D-5E00A8D77A90}.Release|Any CPU.Build.0 = Release|Any CPU
		{7585952E-9B2A-436D-AF3D-5E00A8D77A90}.Release|x64.ActiveCfg = Release|Any CPU
		{7585952E-9B2A-436D-AF3D-5E00A8D77A90}.Release|x64.Build.0 = Release|Any CPU
		{7585952E-9B2A-436D-AF3D-5E00A8D77A90}.Release|x86.ActiveCfg = Release|Any CPU
		{7585952E-9B2A-436D-AF3D-5E00A8D77A90}.Release|x86.Build.0 = Release|Any CPU
		{68BEE707-6458-43CA-85AA-BD7DABA67B66}.Debug|Any CPU.ActiveCfg = Debug|Any CPU
		{68BEE707-6458-43CA-85AA-BD7DABA67B66}.Debug|Any CPU.Build.0 = Debug|Any CPU
		{68BEE707-6458-43CA-85AA-BD7DABA67B66}.Debug|x64.ActiveCfg = Debug|Any CPU
		{68BEE707-6458-43CA-85AA-BD7DABA67B66}.Debug|x64.Build.0 = Debug|Any CPU
		{68BEE707-6458-43CA-85AA-BD7DABA67B66}.Debug|x86.ActiveCfg = Debug|Any CPU
		{68BEE707-6458-43CA-85AA-BD7DABA67B66}.Debug|x86.Build.0 = Debug|Any CPU
		{68BEE707-6458-43CA-85AA-BD7DABA67B66}.Release|Any CPU.ActiveCfg = Release|Any CPU
		{68BEE707-6458-43CA-85AA-BD7DABA67B66}.Release|Any CPU.Build.0 = Release|Any CPU
		{68BEE707-6458-43CA-85AA-BD7DABA67B66}.Release|x64.ActiveCfg = Release|Any CPU
		{68BEE707-6458-43CA-85AA-BD7DABA67B66}.Release|x64.Build.0 = Release|Any CPU
		{68BEE707-6458-43CA-85AA-BD7DABA67B66}.Release|x86.ActiveCfg = Release|Any CPU
		{68BEE707-6458-43CA-85AA-BD7DABA67B66}.Release|x86.Build.0 = Release|Any CPU
		{E60D03FE-AD81-4C7A-BA38-E064A368607C}.Debug|Any CPU.ActiveCfg = Debug|Any CPU
		{E60D03FE-AD81-4C7A-BA38-E064A368607C}.Debug|Any CPU.Build.0 = Debug|Any CPU
		{E60D03FE-AD81-4C7A-BA38-E064A368607C}.Debug|x64.ActiveCfg = Debug|Any CPU
		{E60D03FE-AD81-4C7A-BA38-E064A368607C}.Debug|x64.Build.0 = Debug|Any CPU
		{E60D03FE-AD81-4C7A-BA38-E064A368607C}.Debug|x86.ActiveCfg = Debug|Any CPU
		{E60D03FE-AD81-4C7A-BA38-E064A368607C}.Debug|x86.Build.0 = Debug|Any CPU
		{E60D03FE-AD81-4C7A-BA38-E064A368607C}.Release|Any CPU.ActiveCfg = Release|Any CPU
		{E60D03FE-AD81-4C7A-BA38-E064A368607C}.Release|Any CPU.Build.0 = Release|Any CPU
		{E60D03FE-AD81-4C7A-BA38-E064A368607C}.Release|x64.ActiveCfg = Release|Any CPU
		{E60D03FE-AD81-4C7A-BA38-E064A368607C}.Release|x64.Build.0 = Release|Any CPU
		{E60D03FE-AD81-4C7A-BA38-E064A368607C}.Release|x86.ActiveCfg = Release|Any CPU
		{E60D03FE-AD81-4C7A-BA38-E064A368607C}.Release|x86.Build.0 = Release|Any CPU
		{78BAD34C-8EAB-4E87-BFA1-C92F841074AD}.Debug|Any CPU.ActiveCfg = Debug|Any CPU
		{78BAD34C-8EAB-4E87-BFA1-C92F841074AD}.Debug|Any CPU.Build.0 = Debug|Any CPU
		{78BAD34C-8EAB-4E87-BFA1-C92F841074AD}.Debug|x64.ActiveCfg = Debug|Any CPU
		{78BAD34C-8EAB-4E87-BFA1-C92F841074AD}.Debug|x64.Build.0 = Debug|Any CPU
		{78BAD34C-8EAB-4E87-BFA1-C92F841074AD}.Debug|x86.ActiveCfg = Debug|Any CPU
		{78BAD34C-8EAB-4E87-BFA1-C92F841074AD}.Debug|x86.Build.0 = Debug|Any CPU
		{78BAD34C-8EAB-4E87-BFA1-C92F841074AD}.Release|Any CPU.ActiveCfg = Release|Any CPU
		{78BAD34C-8EAB-4E87-BFA1-C92F841074AD}.Release|Any CPU.Build.0 = Release|Any CPU
		{78BAD34C-8EAB-4E87-BFA1-C92F841074AD}.Release|x64.ActiveCfg = Release|Any CPU
		{78BAD34C-8EAB-4E87-BFA1-C92F841074AD}.Release|x64.Build.0 = Release|Any CPU
		{78BAD34C-8EAB-4E87-BFA1-C92F841074AD}.Release|x86.ActiveCfg = Release|Any CPU
		{78BAD34C-8EAB-4E87-BFA1-C92F841074AD}.Release|x86.Build.0 = Release|Any CPU
		{5D4761DF-F7AE-4986-ACF1-34F2AA5BED77}.Debug|Any CPU.ActiveCfg = Debug|Any CPU
		{5D4761DF-F7AE-4986-ACF1-34F2AA5BED77}.Debug|Any CPU.Build.0 = Debug|Any CPU
		{5D4761DF-F7AE-4986-ACF1-34F2AA5BED77}.Debug|x64.ActiveCfg = Debug|Any CPU
		{5D4761DF-F7AE-4986-ACF1-34F2AA5BED77}.Debug|x64.Build.0 = Debug|Any CPU
		{5D4761DF-F7AE-4986-ACF1-34F2AA5BED77}.Debug|x86.ActiveCfg = Debug|Any CPU
		{5D4761DF-F7AE-4986-ACF1-34F2AA5BED77}.Debug|x86.Build.0 = Debug|Any CPU
		{5D4761DF-F7AE-4986-ACF1-34F2AA5BED77}.Release|Any CPU.ActiveCfg = Release|Any CPU
		{5D4761DF-F7AE-4986-ACF1-34F2AA5BED77}.Release|Any CPU.Build.0 = Release|Any CPU
		{5D4761DF-F7AE-4986-ACF1-34F2AA5BED77}.Release|x64.ActiveCfg = Release|Any CPU
		{5D4761DF-F7AE-4986-ACF1-34F2AA5BED77}.Release|x64.Build.0 = Release|Any CPU
		{5D4761DF-F7AE-4986-ACF1-34F2AA5BED77}.Release|x86.ActiveCfg = Release|Any CPU
		{5D4761DF-F7AE-4986-ACF1-34F2AA5BED77}.Release|x86.Build.0 = Release|Any CPU
	EndGlobalSection
	GlobalSection(SolutionProperties) = preSolution
		HideSolutionNode = FALSE
	EndGlobalSection
	GlobalSection(NestedProjects) = preSolution
		{3266C71C-3D2E-4B03-BD5C-D6CA6FFE2AE6} = {82A9C1AC-CF5D-4709-87BC-2EBBB9393A0E}
		{C8CF91D0-8112-4ABC-8F03-69E7E86D635C} = {3266C71C-3D2E-4B03-BD5C-D6CA6FFE2AE6}
		{FE0BA961-D8B8-482F-B60A-6193C0864D6C} = {C8CF91D0-8112-4ABC-8F03-69E7E86D635C}
		{7E0C10DA-F3C4-4D5A-95F6-508C706ABF9A} = {3266C71C-3D2E-4B03-BD5C-D6CA6FFE2AE6}
		{E510A6ED-BAB6-4BDD-A5C6-CD169E0F78B2} = {7E0C10DA-F3C4-4D5A-95F6-508C706ABF9A}
		{2FF3740B-3BCF-4BD1-A420-E3152B8F7031} = {3266C71C-3D2E-4B03-BD5C-D6CA6FFE2AE6}
		{9EEB1F99-60B7-406D-973D-2AEDAC15DA4C} = {2FF3740B-3BCF-4BD1-A420-E3152B8F7031}
		{D0AD74E4-0090-4DE9-9819-E2AE02EC9531} = {3266C71C-3D2E-4B03-BD5C-D6CA6FFE2AE6}
		{7585952E-9B2A-436D-AF3D-5E00A8D77A90} = {D0AD74E4-0090-4DE9-9819-E2AE02EC9531}
		{EA4478AC-0DD0-4F01-8818-9A24F80AEDBC} = {82A9C1AC-CF5D-4709-87BC-2EBBB9393A0E}
		{68BEE707-6458-43CA-85AA-BD7DABA67B66} = {EA4478AC-0DD0-4F01-8818-9A24F80AEDBC}
		{08069F02-1C68-4BE0-B691-D0FA3AFA99D8} = {3266C71C-3D2E-4B03-BD5C-D6CA6FFE2AE6}
		{E60D03FE-AD81-4C7A-BA38-E064A368607C} = {08069F02-1C68-4BE0-B691-D0FA3AFA99D8}
		{85E2125F-2705-4738-BE8B-2B717A1A21EE} = {3266C71C-3D2E-4B03-BD5C-D6CA6FFE2AE6}
		{78BAD34C-8EAB-4E87-BFA1-C92F841074AD} = {85E2125F-2705-4738-BE8B-2B717A1A21EE}
		{492BEA19-C812-4FE5-A9DB-13C4175D90F9} = {3266C71C-3D2E-4B03-BD5C-D6CA6FFE2AE6}
		{5D4761DF-F7AE-4986-ACF1-34F2AA5BED77} = {492BEA19-C812-4FE5-A9DB-13C4175D90F9}
	EndGlobalSection
	GlobalSection(ExtensibilityGlobals) = postSolution
		SolutionGuid = {860013D5-E57F-4D18-A695-C8835490DF1F}
	EndGlobalSection
EndGlobal
